NeoBundleLock editorconfig-vim 3a730ac7459ed4dab897d3ec9ad31898b8fcb746
NeoBundleLock neobundle.vim e4e6766e7bbcac9b7048ee247f02af9020b9df29
NeoBundleLock nyancat-vim 6454a2765e31db8099f6ba665eb2d2aa23ea357d
NeoBundleLock rust.vim d1aa1959120f05eb6f8641eb075e2c8a8d79ba22
NeoBundleLock vim-airline d1aa1959120f05eb6f8641eb075e2c8a8d79ba22
