NeoBundleLock ctrlp.vim b5d3fe66a58a13d2ff8b6391f4387608496a030f
NeoBundleLock neobundle.vim 9a69b56f24f31cc4e4592f44f03d2fdb8dea92b3
NeoBundleLock rust.vim 3d116f16e2b6ef82393807e0ebd28715f4f5dfe7
NeoBundleLock vim-airline 4dab93470f385559c9a914525ff4c2bdd569d4ea
NeoBundleLock vim-elixir 7ba09a8d96d891da85b7032d2a091b0b9cddba12
