NeoBundleLock ctrlp.vim b5d3fe66a58a13d2ff8b6391f4387608496a030f
NeoBundleLock neobundle.vim 108ce2c80e0af6898f967f4df7ff189368351ff6
NeoBundleLock rust.vim 2450ecf3091cc7c2711ca9f00eae8e3bedd04376
NeoBundleLock vim-airline cdc6d98a09db60d3dda58815616f78338cbdaa9d
NeoBundleLock vim-elixir f2c747da5edd92c8430b9f1fdfe117467cf1551e
NeoBundleLock vim-javascript bab4f3944fb6ef0953991ddfb6c734219c95b83a
